
Microsoft Visual Studio Solution File, Format Version 12.00
# Visual Studio 15
VisualStudioVersion = 15.0.26430.4
MinimumVisualStudioVersion = 10.0.40219.1
Project("{FAE04EC0-301F-11D3-BF4B-00C04F79EFBC}") = "lets-code-btw", "lets-code-btw\lets-code-btw.csproj", "{4846F9A7-48A9-4EF7-9054-43520D52A22A}"
EndProject
Project("{FAE04EC0-301F-11D3-BF4B-00C04F79EFBC}") = "UnitTestProject1", "UnitTestProject1\UnitTestProject1.csproj", "{DDE717EE-8EA2-4B9E-B6FC-C44BB7E4C93D}"
EndProject
Global
	GlobalSection(SolutionConfigurationPlatforms) = preSolution
		Debug|Any CPU = Debug|Any CPU
		Release|Any CPU = Release|Any CPU
	EndGlobalSection
	GlobalSection(ProjectConfigurationPlatforms) = postSolution
		{4846F9A7-48A9-4EF7-9054-43520D52A22A}.Debug|Any CPU.ActiveCfg = Debug|Any CPU
		{4846F9A7-48A9-4EF7-9054-43520D52A22A}.Debug|Any CPU.Build.0 = Debug|Any CPU
		{4846F9A7-48A9-4EF7-9054-43520D52A22A}.Release|Any CPU.ActiveCfg = Release|Any CPU
		{4846F9A7-48A9-4EF7-9054-43520D52A22A}.Release|Any CPU.Build.0 = Release|Any CPU
		{DDE717EE-8EA2-4B9E-B6FC-C44BB7E4C93D}.Debug|Any CPU.ActiveCfg = Debug|Any CPU
		{DDE717EE-8EA2-4B9E-B6FC-C44BB7E4C93D}.Debug|Any CPU.Build.0 = Debug|Any CPU
		{DDE717EE-8EA2-4B9E-B6FC-C44BB7E4C93D}.Release|Any CPU.ActiveCfg = Release|Any CPU
		{DDE717EE-8EA2-4B9E-B6FC-C44BB7E4C93D}.Release|Any CPU.Build.0 = Release|Any CPU
	EndGlobalSection
	GlobalSection(SolutionProperties) = preSolution
		HideSolutionNode = FALSE
	EndGlobalSection
EndGlobal
